{
  "name": "divfx-graphics",
  "version": "0.0.0",
  "lockfileVersion": 3,
  "requires": true,
  "packages": {
    "": {
      "name": "divfx-graphics",
      "version": "0.0.0",
      "dependencies": {
        "@mosaic/technical-graphics": "github:tashdor/mosaic-graphics-system#v0.3.0"
      },
      "devDependencies": {
        "playwright": "^1.52.0"
      }
    },
    "node_modules/@mosaic/technical-graphics": {
      "version": "0.3.0",
      "resolved": "git+ssh://git@github.com/tashdor/mosaic-graphics-system.git#cc020b4d873d433a241f8e90b657acbaf9d21ea7"
    },
    "node_modules/fsevents": {
      "version": "2.3.2",
      "dev": true,
      "license": "MIT",
      "optional": true,
      "os": [
        "darwin"
      ],
      "engines": {
        "node": "^8.16.0 || ^10.6.0 || >=11.0.0"
      }
    },
    "node_modules/playwright": {
      "version": "1.61.1",
      "dev": true,
      "license": "Apache-2.0",
      "dependencies": {
        "playwright-core": "1.61.1"
      },
      "bin": {
        "playwright": "cli.js"
      },
      "engines": {
        "node": ">=18"
      },
      "optionalDependencies": {
        "fsevents": "2.3.2"
      }
    },
    "node_modules/playwright-core": {
      "version": "1.61.1",
      "dev": true,
      "license": "Apache-2.0",
      "bin": {
        "playwright-core": "cli.js"
      },
      "engines": {
        "node": ">=18"
      }
    }
  }
}
